
Microsoft Visual Studio Solution File, Format Version 12.00
# Visual Studio Version 17
VisualStudioVersion = 17.0.32112.339
MinimumVisualStudioVersion = 10.0.40219.1
Project("{FAE04EC0-301F-11D3-BF4B-00C04F79EFBC}") = "Dice_Game", "Dice_Game\Dice_Game.csproj", "{236D9883-B4DC-4559-98D0-57F501AC13F4}"
EndProject
Global
	GlobalSection(SolutionConfigurationPlatforms) = preSolution
		Debug|Any CPU = Debug|Any CPU
		Release|Any CPU = Release|Any CPU
	EndGlobalSection
	GlobalSection(ProjectConfigurationPlatforms) = postSolution
		{236D9883-B4DC-4559-98D0-57F501AC13F4}.Debug|Any CPU.ActiveCfg = Debug|Any CPU
		{236D9883-B4DC-4559-98D0-57F501AC13F4}.Debug|Any CPU.Build.0 = Debug|Any CPU
		{236D9883-B4DC-4559-98D0-57F501AC13F4}.Release|Any CPU.ActiveCfg = Release|Any CPU
		{236D9883-B4DC-4559-98D0-57F501AC13F4}.Release|Any CPU.Build.0 = Release|Any CPU
	EndGlobalSection
	GlobalSection(SolutionProperties) = preSolution
		HideSolutionNode = FALSE
	EndGlobalSection
	GlobalSection(ExtensibilityGlobals) = postSolution
		SolutionGuid = {896A01EE-12D4-45F4-A834-2B19D58A7B0F}
	EndGlobalSection
EndGlobal
