
Microsoft Visual Studio Solution File, Format Version 12.00
# Visual Studio Version 17
VisualStudioVersion = 17.0.32112.339
MinimumVisualStudioVersion = 10.0.40219.1
Project("{FAE04EC0-301F-11D3-BF4B-00C04F79EFBC}") = "Strings", "Strings\Strings.csproj", "{F62B211E-18AE-46F6-ADAF-9F645344139D}"
EndProject
Global
	GlobalSection(SolutionConfigurationPlatforms) = preSolution
		Debug|Any CPU = Debug|Any CPU
		Release|Any CPU = Release|Any CPU
	EndGlobalSection
	GlobalSection(ProjectConfigurationPlatforms) = postSolution
		{F62B211E-18AE-46F6-ADAF-9F645344139D}.Debug|Any CPU.ActiveCfg = Debug|Any CPU
		{F62B211E-18AE-46F6-ADAF-9F645344139D}.Debug|Any CPU.Build.0 = Debug|Any CPU
		{F62B211E-18AE-46F6-ADAF-9F645344139D}.Release|Any CPU.ActiveCfg = Release|Any CPU
		{F62B211E-18AE-46F6-ADAF-9F645344139D}.Release|Any CPU.Build.0 = Release|Any CPU
	EndGlobalSection
	GlobalSection(SolutionProperties) = preSolution
		HideSolutionNode = FALSE
	EndGlobalSection
	GlobalSection(ExtensibilityGlobals) = postSolution
		SolutionGuid = {2BAC7281-2BB8-4677-8C43-8D3B05B35047}
	EndGlobalSection
EndGlobal
